
Microsoft Visual Studio Solution File, Format Version 12.00
# Visual Studio Version 17
VisualStudioVersion = 17.4.33403.182
MinimumVisualStudioVersion = 10.0.40219.1
Project("{2150E333-8FDC-42A3-9474-1A3956D46DE8}") = "src", "src", "{74CEFF64-C5F3-48CE-9680-3D4730A78225}"
EndProject
Project("{9A19103F-16F7-4668-BE54-9A1E7A4F7556}") = "StoneToolkit.Common", "src\StoneToolkit.Common\StoneToolkit.Common.csproj", "{7D5A66C4-A01B-4BEF-9D6C-FA4392621D3E}"
EndProject
Project("{FAE04EC0-301F-11D3-BF4B-00C04F79EFBC}") = "StoneToolkit.Common.Wpf", "src\StoneToolkit.Common.Wpf\StoneToolkit.Common.Wpf.csproj", "{4F010E11-3421-4F11-9B57-E7315DADEA82}"
EndProject
Global
	GlobalSection(SolutionConfigurationPlatforms) = preSolution
		Debug|Any CPU = Debug|Any CPU
		Release|Any CPU = Release|Any CPU
	EndGlobalSection
	GlobalSection(ProjectConfigurationPlatforms) = postSolution
		{7D5A66C4-A01B-4BEF-9D6C-FA4392621D3E}.Debug|Any CPU.ActiveCfg = Debug|Any CPU
		{7D5A66C4-A01B-4BEF-9D6C-FA4392621D3E}.Debug|Any CPU.Build.0 = Debug|Any CPU
		{7D5A66C4-A01B-4BEF-9D6C-FA4392621D3E}.Release|Any CPU.ActiveCfg = Release|Any CPU
		{7D5A66C4-A01B-4BEF-9D6C-FA4392621D3E}.Release|Any CPU.Build.0 = Release|Any CPU
		{4F010E11-3421-4F11-9B57-E7315DADEA82}.Debug|Any CPU.ActiveCfg = Debug|Any CPU
		{4F010E11-3421-4F11-9B57-E7315DADEA82}.Debug|Any CPU.Build.0 = Debug|Any CPU
		{4F010E11-3421-4F11-9B57-E7315DADEA82}.Release|Any CPU.ActiveCfg = Release|Any CPU
		{4F010E11-3421-4F11-9B57-E7315DADEA82}.Release|Any CPU.Build.0 = Release|Any CPU
	EndGlobalSection
	GlobalSection(SolutionProperties) = preSolution
		HideSolutionNode = FALSE
	EndGlobalSection
	GlobalSection(NestedProjects) = preSolution
		{7D5A66C4-A01B-4BEF-9D6C-FA4392621D3E} = {74CEFF64-C5F3-48CE-9680-3D4730A78225}
		{4F010E11-3421-4F11-9B57-E7315DADEA82} = {74CEFF64-C5F3-48CE-9680-3D4730A78225}
	EndGlobalSection
	GlobalSection(ExtensibilityGlobals) = postSolution
		SolutionGuid = {823A6369-7668-40BA-8877-35E7480C582C}
	EndGlobalSection
EndGlobal
